// !$*UTF8*$!
{
	archiveVersion = 1;
	classes = {
	};
	objectVersion = 46;
	objects = {

/* Begin PBXBuildFile section */
		312E7FA51569985000E2AD66 /* scheduler.cc in Sources */ = {isa = PBXBuildFile; fileRef = 312E7F671569260000E2AD66 /* scheduler.cc */; };
		314277BA1577A42C006A6878 /* communication.cc in Sources */ = {isa = PBXBuildFile; fileRef = 3142779C15779FE4006A6878 /* communication.cc */; };
		314277BC1577A42C006A6878 /* input_buffer.cc in Sources */ = {isa = PBXBuildFile; fileRef = 3142779E15779FE4006A6878 /* input_buffer.cc */; };
		314277BE1577A42C006A6878 /* output_buffer.cc in Sources */ = {isa = PBXBuildFile; fileRef = 314277A015779FE5006A6878 /* output_buffer.cc */; };
		314277C01577A42C006A6878 /* packet.cc in Sources */ = {isa = PBXBuildFile; fileRef = 314277A215779FE5006A6878 /* packet.cc */; };
		314277C31577A42C006A6878 /* node.cc in Sources */ = {isa = PBXBuildFile; fileRef = 312E7F471569260000E2AD66 /* node.cc */; };
		314277C41577A42C006A6878 /* scheduler.cc in Sources */ = {isa = PBXBuildFile; fileRef = 31125AD7156E698900481D9B /* scheduler.cc */; };
		314277C61577A466006A6878 /* network_input.cc in Sources */ = {isa = PBXBuildFile; fileRef = 312E7F4F1569260000E2AD66 /* network_input.cc */; };
		314277C71577A466006A6878 /* network_output.cc in Sources */ = {isa = PBXBuildFile; fileRef = 312E7F511569260000E2AD66 /* network_output.cc */; };
		314277C81577A466006A6878 /* data_server.cc in Sources */ = {isa = PBXBuildFile; fileRef = 312E7F541569260000E2AD66 /* data_server.cc */; };
		314277C91577A466006A6878 /* node_environment.cc in Sources */ = {isa = PBXBuildFile; fileRef = 312E7F561569260000E2AD66 /* node_environment.cc */; };
		314277CA1577A466006A6878 /* factory.cc in Sources */ = {isa = PBXBuildFile; fileRef = 312E7F5B1569260000E2AD66 /* factory.cc */; };
		314277CB1577A466006A6878 /* groupby.cc in Sources */ = {isa = PBXBuildFile; fileRef = 312E7F5E1569260000E2AD66 /* groupby.cc */; };
		314277CC1577A466006A6878 /* node.cc in Sources */ = {isa = PBXBuildFile; fileRef = 312E7F601569260000E2AD66 /* node.cc */; };
		314277CD1577A466006A6878 /* operation.cc in Sources */ = {isa = PBXBuildFile; fileRef = 312E7F621569260000E2AD66 /* operation.cc */; };
		314277CE1577A466006A6878 /* ip_address.cc in Sources */ = {isa = PBXBuildFile; fileRef = 312E7F6D1569260000E2AD66 /* ip_address.cc */; };
		314277CF1577A49B006A6878 /* libprotobuf.dylib in Frameworks */ = {isa = PBXBuildFile; fileRef = 31363BFF15488A3900CE05DD /* libprotobuf.dylib */; };
		314277D01577AB34006A6878 /* libboost_date_time-mt.dylib in Frameworks */ = {isa = PBXBuildFile; fileRef = 314277AB1577A196006A6878 /* libboost_date_time-mt.dylib */; };
		314277D11577AB34006A6878 /* libboost_program_options-mt.dylib in Frameworks */ = {isa = PBXBuildFile; fileRef = 314277AC1577A196006A6878 /* libboost_program_options-mt.dylib */; };
		314277D41577AB34006A6878 /* libboost_program_options.dylib in Frameworks */ = {isa = PBXBuildFile; fileRef = 314277D21577AB34006A6878 /* libboost_program_options.dylib */; };
		314277D51577AB34006A6878 /* libboost_system.dylib in Frameworks */ = {isa = PBXBuildFile; fileRef = 314277D31577AB34006A6878 /* libboost_system.dylib */; };
		314277D61577ABEB006A6878 /* libboost_thread-mt.dylib in Frameworks */ = {isa = PBXBuildFile; fileRef = 314277A91577A15B006A6878 /* libboost_thread-mt.dylib */; };
		314277D71577AC0A006A6878 /* operations.pb.cc in Sources */ = {isa = PBXBuildFile; fileRef = 312E7F3E1569260000E2AD66 /* operations.pb.cc */; };
		314277D81577AC2E006A6878 /* libcodwh-lib.dylib in Frameworks */ = {isa = PBXBuildFile; fileRef = 314277B61577A370006A6878 /* libcodwh-lib.dylib */; };
		314277D91577ACA5006A6878 /* libprotobuf.dylib in Frameworks */ = {isa = PBXBuildFile; fileRef = 31363BFF15488A3900CE05DD /* libprotobuf.dylib */; };
		314277DA1577ACB9006A6878 /* worker.cc in Sources */ = {isa = PBXBuildFile; fileRef = 312E7F721569260000E2AD66 /* worker.cc */; };
		314277DB1577ACC1006A6878 /* libprotobuf.dylib in Frameworks */ = {isa = PBXBuildFile; fileRef = 31363BFF15488A3900CE05DD /* libprotobuf.dylib */; };
		314277DC1577ACC8006A6878 /* libcodwh-lib.dylib in Frameworks */ = {isa = PBXBuildFile; fileRef = 314277B61577A370006A6878 /* libcodwh-lib.dylib */; };
/* End PBXBuildFile section */

/* Begin PBXCopyFilesBuildPhase section */
		312E7F991569983600E2AD66 /* CopyFiles */ = {
			isa = PBXCopyFilesBuildPhase;
			buildActionMask = 2147483647;
			dstPath = /usr/share/man/man1/;
			dstSubfolderSpec = 0;
			files = (
			);
			runOnlyForDeploymentPostprocessing = 1;
		};
		312E7FA81569985900E2AD66 /* CopyFiles */ = {
			isa = PBXCopyFilesBuildPhase;
			buildActionMask = 2147483647;
			dstPath = /usr/share/man/man1/;
			dstSubfolderSpec = 0;
			files = (
			);
			runOnlyForDeploymentPostprocessing = 1;
		};
/* End PBXCopyFilesBuildPhase section */

/* Begin PBXFileReference section */
		31125AD7156E698900481D9B /* scheduler.cc */ = {isa = PBXFileReference; fileEncoding = 4; lastKnownFileType = sourcecode.cpp.cpp; path = scheduler.cc; sourceTree = "<group>"; };
		312E7F2F1569260000E2AD66 /* distributed_node.o */ = {isa = PBXFileReference; lastKnownFileType = "compiled.mach-o.objfile"; path = distributed_node.o; sourceTree = "<group>"; };
		312E7F301569260000E2AD66 /* groupby.o */ = {isa = PBXFileReference; lastKnownFileType = "compiled.mach-o.objfile"; path = groupby.o; sourceTree = "<group>"; };
		312E7F321569260000E2AD66 /* libnetio.a */ = {isa = PBXFileReference; lastKnownFileType = archive.ar; path = libnetio.a; sourceTree = "<group>"; };
		312E7F331569260000E2AD66 /* network_input.o */ = {isa = PBXFileReference; lastKnownFileType = "compiled.mach-o.objfile"; path = network_input.o; sourceTree = "<group>"; };
		312E7F341569260000E2AD66 /* network_output.o */ = {isa = PBXFileReference; lastKnownFileType = "compiled.mach-o.objfile"; path = network_output.o; sourceTree = "<group>"; };
		312E7F361569260000E2AD66 /* data_server.o */ = {isa = PBXFileReference; lastKnownFileType = "compiled.mach-o.objfile"; path = data_server.o; sourceTree = "<group>"; };
		312E7F371569260000E2AD66 /* libnode_environment.a */ = {isa = PBXFileReference; lastKnownFileType = archive.ar; path = libnode_environment.a; sourceTree = "<group>"; };
		312E7F381569260000E2AD66 /* node_environment.o */ = {isa = PBXFileReference; lastKnownFileType = "compiled.mach-o.objfile"; path = node_environment.o; sourceTree = "<group>"; };
		312E7F3A1569260000E2AD66 /* factory.o */ = {isa = PBXFileReference; lastKnownFileType = "compiled.mach-o.objfile"; path = factory.o; sourceTree = "<group>"; };
		312E7F3B1569260000E2AD66 /* node.o */ = {isa = PBXFileReference; lastKnownFileType = "compiled.mach-o.objfile"; path = node.o; sourceTree = "<group>"; };
		312E7F3C1569260000E2AD66 /* operation.o */ = {isa = PBXFileReference; lastKnownFileType = "compiled.mach-o.objfile"; path = operation.o; sourceTree = "<group>"; };
		312E7F3E1569260000E2AD66 /* operations.pb.cc */ = {isa = PBXFileReference; fileEncoding = 4; lastKnownFileType = sourcecode.cpp.cpp; path = operations.pb.cc; sourceTree = "<group>"; };
		312E7F3F1569260000E2AD66 /* operations.pb.h */ = {isa = PBXFileReference; fileEncoding = 4; lastKnownFileType = sourcecode.c.h; path = operations.pb.h; sourceTree = "<group>"; };
		312E7F401569260000E2AD66 /* proto.o */ = {isa = PBXFileReference; lastKnownFileType = "compiled.mach-o.objfile"; path = proto.o; sourceTree = "<group>"; };
		312E7F411569260000E2AD66 /* server.o */ = {isa = PBXFileReference; lastKnownFileType = "compiled.mach-o.objfile"; path = server.o; sourceTree = "<group>"; };
		312E7F431569260000E2AD66 /* ip_address.o */ = {isa = PBXFileReference; lastKnownFileType = "compiled.mach-o.objfile"; path = ip_address.o; sourceTree = "<group>"; };
		312E7F441569260000E2AD66 /* libutils.a */ = {isa = PBXFileReference; lastKnownFileType = archive.ar; path = libutils.a; sourceTree = "<group>"; };
		312E7F471569260000E2AD66 /* node.cc */ = {isa = PBXFileReference; fileEncoding = 4; lastKnownFileType = sourcecode.cpp.cpp; path = node.cc; sourceTree = "<group>"; };
		312E7F481569260000E2AD66 /* node.h */ = {isa = PBXFileReference; fileEncoding = 4; lastKnownFileType = sourcecode.c.h; path = node.h; sourceTree = "<group>"; };
		312E7F4A1569260000E2AD66 /* global.h */ = {isa = PBXFileReference; fileEncoding = 4; lastKnownFileType = sourcecode.c.h; path = global.h; sourceTree = "<group>"; };
		312E7F4B1569260000E2AD66 /* main.cc */ = {isa = PBXFileReference; fileEncoding = 4; lastKnownFileType = sourcecode.cpp.cpp; path = main.cc; sourceTree = "<group>"; };
		312E7F4C1569260000E2AD66 /* makefile */ = {isa = PBXFileReference; fileEncoding = 4; lastKnownFileType = sourcecode.make; path = makefile; sourceTree = "<group>"; };
		312E7F4F1569260000E2AD66 /* network_input.cc */ = {isa = PBXFileReference; fileEncoding = 4; lastKnownFileType = sourcecode.cpp.cpp; path = network_input.cc; sourceTree = "<group>"; };
		312E7F501569260000E2AD66 /* network_input.h */ = {isa = PBXFileReference; fileEncoding = 4; lastKnownFileType = sourcecode.c.h; path = network_input.h; sourceTree = "<group>"; };
		312E7F511569260000E2AD66 /* network_output.cc */ = {isa = PBXFileReference; fileEncoding = 4; lastKnownFileType = sourcecode.cpp.cpp; path = network_output.cc; sourceTree = "<group>"; };
		312E7F521569260000E2AD66 /* network_output.h */ = {isa = PBXFileReference; fileEncoding = 4; lastKnownFileType = sourcecode.c.h; path = network_output.h; sourceTree = "<group>"; };
		312E7F541569260000E2AD66 /* data_server.cc */ = {isa = PBXFileReference; fileEncoding = 4; lastKnownFileType = sourcecode.cpp.cpp; path = data_server.cc; sourceTree = "<group>"; };
		312E7F551569260000E2AD66 /* data_server.h */ = {isa = PBXFileReference; fileEncoding = 4; lastKnownFileType = sourcecode.c.h; path = data_server.h; sourceTree = "<group>"; };
		312E7F561569260000E2AD66 /* node_environment.cc */ = {isa = PBXFileReference; fileEncoding = 4; lastKnownFileType = sourcecode.cpp.cpp; path = node_environment.cc; sourceTree = "<group>"; };
		312E7F571569260000E2AD66 /* node_environment.h */ = {isa = PBXFileReference; fileEncoding = 4; lastKnownFileType = sourcecode.c.h; path = node_environment.h; sourceTree = "<group>"; };
		312E7F591569260000E2AD66 /* column.h */ = {isa = PBXFileReference; fileEncoding = 4; lastKnownFileType = sourcecode.c.h; path = column.h; sourceTree = "<group>"; };
		312E7F5A1569260000E2AD66 /* expression.h */ = {isa = PBXFileReference; fileEncoding = 4; lastKnownFileType = sourcecode.c.h; path = expression.h; sourceTree = "<group>"; };
		312E7F5B1569260000E2AD66 /* factory.cc */ = {isa = PBXFileReference; fileEncoding = 4; lastKnownFileType = sourcecode.cpp.cpp; path = factory.cc; sourceTree = "<group>"; };
		312E7F5C1569260000E2AD66 /* factory.h */ = {isa = PBXFileReference; fileEncoding = 4; lastKnownFileType = sourcecode.c.h; path = factory.h; sourceTree = "<group>"; };
		312E7F5D1569260000E2AD66 /* filter.h */ = {isa = PBXFileReference; fileEncoding = 4; lastKnownFileType = sourcecode.c.h; path = filter.h; sourceTree = "<group>"; };
		312E7F5E1569260000E2AD66 /* groupby.cc */ = {isa = PBXFileReference; fileEncoding = 4; lastKnownFileType = sourcecode.cpp.cpp; path = groupby.cc; sourceTree = "<group>"; };
		312E7F5F1569260000E2AD66 /* keyvalue.h */ = {isa = PBXFileReference; fileEncoding = 4; lastKnownFileType = sourcecode.c.h; path = keyvalue.h; sourceTree = "<group>"; };
		312E7F601569260000E2AD66 /* node.cc */ = {isa = PBXFileReference; fileEncoding = 4; lastKnownFileType = sourcecode.cpp.cpp; path = node.cc; sourceTree = "<group>"; };
		312E7F611569260000E2AD66 /* node.h */ = {isa = PBXFileReference; fileEncoding = 4; lastKnownFileType = sourcecode.c.h; path = node.h; sourceTree = "<group>"; };
		312E7F621569260000E2AD66 /* operation.cc */ = {isa = PBXFileReference; fileEncoding = 4; lastKnownFileType = sourcecode.cpp.cpp; path = operation.cc; sourceTree = "<group>"; };
		312E7F631569260000E2AD66 /* operation.h */ = {isa = PBXFileReference; fileEncoding = 4; lastKnownFileType = sourcecode.c.h; path = operation.h; sourceTree = "<group>"; };
		312E7F651569260000E2AD66 /* operations.proto */ = {isa = PBXFileReference; fileEncoding = 4; lastKnownFileType = text; path = operations.proto; sourceTree = "<group>"; };
		312E7F671569260000E2AD66 /* scheduler.cc */ = {isa = PBXFileReference; fileEncoding = 4; lastKnownFileType = sourcecode.cpp.cpp; path = scheduler.cc; sourceTree = "<group>"; };
		312E7F691569260000E2AD66 /* server.cc */ = {isa = PBXFileReference; fileEncoding = 4; lastKnownFileType = sourcecode.cpp.cpp; path = server.cc; sourceTree = "<group>"; };
		312E7F6A1569260000E2AD66 /* server.h */ = {isa = PBXFileReference; fileEncoding = 4; lastKnownFileType = sourcecode.c.h; path = server.h; sourceTree = "<group>"; };
		312E7F6B1569260000E2AD66 /* server_real.cc */ = {isa = PBXFileReference; fileEncoding = 4; lastKnownFileType = sourcecode.cpp.cpp; path = server_real.cc; sourceTree = "<group>"; };
		312E7F6D1569260000E2AD66 /* ip_address.cc */ = {isa = PBXFileReference; fileEncoding = 4; lastKnownFileType = sourcecode.cpp.cpp; path = ip_address.cc; sourceTree = "<group>"; };
		312E7F6E1569260000E2AD66 /* ip_address.h */ = {isa = PBXFileReference; fileEncoding = 4; lastKnownFileType = sourcecode.c.h; path = ip_address.h; sourceTree = "<group>"; };
		312E7F6F1569260000E2AD66 /* logger.h */ = {isa = PBXFileReference; fileEncoding = 4; lastKnownFileType = sourcecode.c.h; path = logger.h; sourceTree = "<group>"; };
		312E7F701569260000E2AD66 /* pcqueue.h */ = {isa = PBXFileReference; fileEncoding = 4; lastKnownFileType = sourcecode.c.h; path = pcqueue.h; sourceTree = "<group>"; };
		312E7F721569260000E2AD66 /* worker.cc */ = {isa = PBXFileReference; fileEncoding = 4; lastKnownFileType = sourcecode.cpp.cpp; path = worker.cc; sourceTree = "<group>"; };
		312E7F9B1569983600E2AD66 /* scheduler */ = {isa = PBXFileReference; explicitFileType = "compiled.mach-o.executable"; includeInIndex = 0; path = scheduler; sourceTree = BUILT_PRODUCTS_DIR; };
		312E7FAA1569985900E2AD66 /* worker */ = {isa = PBXFileReference; explicitFileType = "compiled.mach-o.executable"; includeInIndex = 0; path = worker; sourceTree = BUILT_PRODUCTS_DIR; };
		31363BFF15488A3900CE05DD /* libprotobuf.dylib */ = {isa = PBXFileReference; lastKnownFileType = "compiled.mach-o.dylib"; name = libprotobuf.dylib; path = Platforms/MacOSX.platform/Developer/SDKs/MacOSX10.7.sdk/usr/local/lib/libprotobuf.dylib; sourceTree = DEVELOPER_DIR; };
		3142779C15779FE4006A6878 /* communication.cc */ = {isa = PBXFileReference; fileEncoding = 4; lastKnownFileType = sourcecode.cpp.cpp; path = communication.cc; sourceTree = "<group>"; };
		3142779D15779FE4006A6878 /* communication.h */ = {isa = PBXFileReference; fileEncoding = 4; lastKnownFileType = sourcecode.c.h; path = communication.h; sourceTree = "<group>"; };
		3142779E15779FE4006A6878 /* input_buffer.cc */ = {isa = PBXFileReference; fileEncoding = 4; lastKnownFileType = sourcecode.cpp.cpp; path = input_buffer.cc; sourceTree = "<group>"; };
		3142779F15779FE4006A6878 /* input_buffer.h */ = {isa = PBXFileReference; fileEncoding = 4; lastKnownFileType = sourcecode.c.h; path = input_buffer.h; sourceTree = "<group>"; };
		314277A015779FE5006A6878 /* output_buffer.cc */ = {isa = PBXFileReference; fileEncoding = 4; lastKnownFileType = sourcecode.cpp.cpp; path = output_buffer.cc; sourceTree = "<group>"; };
		314277A115779FE5006A6878 /* output_buffer.h */ = {isa = PBXFileReference; fileEncoding = 4; lastKnownFileType = sourcecode.c.h; path = output_buffer.h; sourceTree = "<group>"; };
		314277A215779FE5006A6878 /* packet.cc */ = {isa = PBXFileReference; fileEncoding = 4; lastKnownFileType = sourcecode.cpp.cpp; path = packet.cc; sourceTree = "<group>"; };
		314277A315779FE5006A6878 /* packet.h */ = {isa = PBXFileReference; fileEncoding = 4; lastKnownFileType = sourcecode.c.h; path = packet.h; sourceTree = "<group>"; };
		314277A415779FE5006A6878 /* scheduler.h */ = {isa = PBXFileReference; fileEncoding = 4; lastKnownFileType = sourcecode.c.h; path = scheduler.h; sourceTree = "<group>"; };
		314277A91577A15B006A6878 /* libboost_thread-mt.dylib */ = {isa = PBXFileReference; lastKnownFileType = "compiled.mach-o.dylib"; name = "libboost_thread-mt.dylib"; path = "../../../../../opt/local/lib/libboost_thread-mt.dylib"; sourceTree = "<group>"; };
		314277AB1577A196006A6878 /* libboost_date_time-mt.dylib */ = {isa = PBXFileReference; lastKnownFileType = "compiled.mach-o.dylib"; name = "libboost_date_time-mt.dylib"; path = "../../../../../opt/local/lib/libboost_date_time-mt.dylib"; sourceTree = "<group>"; };
		314277AC1577A196006A6878 /* libboost_program_options-mt.dylib */ = {isa = PBXFileReference; lastKnownFileType = "compiled.mach-o.dylib"; name = "libboost_program_options-mt.dylib"; path = "../../../../../opt/local/lib/libboost_program_options-mt.dylib"; sourceTree = "<group>"; };
		314277AF1577A1F9006A6878 /* libboost_system-mt.dylib */ = {isa = PBXFileReference; lastKnownFileType = "compiled.mach-o.dylib"; name = "libboost_system-mt.dylib"; path = "../../../../../opt/local/lib/libboost_system-mt.dylib"; sourceTree = "<group>"; };
		314277B61577A370006A6878 /* libcodwh-lib.dylib */ = {isa = PBXFileReference; explicitFileType = "compiled.mach-o.dylib"; includeInIndex = 0; path = "libcodwh-lib.dylib"; sourceTree = BUILT_PRODUCTS_DIR; };
		314277D21577AB34006A6878 /* libboost_program_options.dylib */ = {isa = PBXFileReference; lastKnownFileType = "compiled.mach-o.dylib"; name = libboost_program_options.dylib; path = ../../../../../opt/local/lib/libboost_program_options.dylib; sourceTree = "<group>"; };
		314277D31577AB34006A6878 /* libboost_system.dylib */ = {isa = PBXFileReference; lastKnownFileType = "compiled.mach-o.dylib"; name = libboost_system.dylib; path = ../../../../../opt/local/lib/libboost_system.dylib; sourceTree = "<group>"; };
/* End PBXFileReference section */

/* Begin PBXFrameworksBuildPhase section */
		312E7F981569983600E2AD66 /* Frameworks */ = {
			isa = PBXFrameworksBuildPhase;
			buildActionMask = 2147483647;
			files = (
				314277D91577ACA5006A6878 /* libprotobuf.dylib in Frameworks */,
				314277D81577AC2E006A6878 /* libcodwh-lib.dylib in Frameworks */,
			);
			runOnlyForDeploymentPostprocessing = 0;
		};
		312E7FA71569985900E2AD66 /* Frameworks */ = {
			isa = PBXFrameworksBuildPhase;
			buildActionMask = 2147483647;
			files = (
				314277DC1577ACC8006A6878 /* libcodwh-lib.dylib in Frameworks */,
				314277DB1577ACC1006A6878 /* libprotobuf.dylib in Frameworks */,
			);
			runOnlyForDeploymentPostprocessing = 0;
		};
		314277B31577A370006A6878 /* Frameworks */ = {
			isa = PBXFrameworksBuildPhase;
			buildActionMask = 2147483647;
			files = (
				314277D41577AB34006A6878 /* libboost_program_options.dylib in Frameworks */,
				314277D51577AB34006A6878 /* libboost_system.dylib in Frameworks */,
				314277D01577AB34006A6878 /* libboost_date_time-mt.dylib in Frameworks */,
				314277D61577ABEB006A6878 /* libboost_thread-mt.dylib in Frameworks */,
				314277D11577AB34006A6878 /* libboost_program_options-mt.dylib in Frameworks */,
				314277CF1577A49B006A6878 /* libprotobuf.dylib in Frameworks */,
			);
			runOnlyForDeploymentPostprocessing = 0;
		};
/* End PBXFrameworksBuildPhase section */

/* Begin PBXGroup section */
		312E7F2D1569260000E2AD66 /* src */ = {
			isa = PBXGroup;
			children = (
				312E7F2E1569260000E2AD66 /* build */,
				312E7F461569260000E2AD66 /* distributed */,
				312E7F4A1569260000E2AD66 /* global.h */,
				312E7F4B1569260000E2AD66 /* main.cc */,
				312E7F4C1569260000E2AD66 /* makefile */,
				312E7F4E1569260000E2AD66 /* netio */,
				312E7F531569260000E2AD66 /* node_environment */,
				312E7F581569260000E2AD66 /* operators */,
				312E7F641569260000E2AD66 /* proto */,
				312E7F671569260000E2AD66 /* scheduler.cc */,
				312E7F681569260000E2AD66 /* server */,
				312E7F6C1569260000E2AD66 /* utils */,
				312E7F721569260000E2AD66 /* worker.cc */,
			);
			name = src;
			path = ../src;
			sourceTree = "<group>";
		};
		312E7F2E1569260000E2AD66 /* build */ = {
			isa = PBXGroup;
			children = (
				312E7F2F1569260000E2AD66 /* distributed_node.o */,
				312E7F301569260000E2AD66 /* groupby.o */,
				312E7F311569260000E2AD66 /* netio */,
				312E7F351569260000E2AD66 /* node_environment */,
				312E7F391569260000E2AD66 /* operators */,
				312E7F3D1569260000E2AD66 /* proto */,
				312E7F401569260000E2AD66 /* proto.o */,
				312E7F411569260000E2AD66 /* server.o */,
				312E7F421569260000E2AD66 /* utils */,
			);
			path = build;
			sourceTree = "<group>";
		};
		312E7F311569260000E2AD66 /* netio */ = {
			isa = PBXGroup;
			children = (
				312E7F321569260000E2AD66 /* libnetio.a */,
				312E7F331569260000E2AD66 /* network_input.o */,
				312E7F341569260000E2AD66 /* network_output.o */,
			);
			path = netio;
			sourceTree = "<group>";
		};
		312E7F351569260000E2AD66 /* node_environment */ = {
			isa = PBXGroup;
			children = (
				312E7F361569260000E2AD66 /* data_server.o */,
				312E7F371569260000E2AD66 /* libnode_environment.a */,
				312E7F381569260000E2AD66 /* node_environment.o */,
			);
			path = node_environment;
			sourceTree = "<group>";
		};
		312E7F391569260000E2AD66 /* operators */ = {
			isa = PBXGroup;
			children = (
				312E7F3A1569260000E2AD66 /* factory.o */,
				312E7F3B1569260000E2AD66 /* node.o */,
				312E7F3C1569260000E2AD66 /* operation.o */,
			);
			path = operators;
			sourceTree = "<group>";
		};
		312E7F3D1569260000E2AD66 /* proto */ = {
			isa = PBXGroup;
			children = (
				312E7F3E1569260000E2AD66 /* operations.pb.cc */,
				312E7F3F1569260000E2AD66 /* operations.pb.h */,
			);
			path = proto;
			sourceTree = "<group>";
		};
		312E7F421569260000E2AD66 /* utils */ = {
			isa = PBXGroup;
			children = (
				312E7F431569260000E2AD66 /* ip_address.o */,
				312E7F441569260000E2AD66 /* libutils.a */,
			);
			path = utils;
			sourceTree = "<group>";
		};
		312E7F461569260000E2AD66 /* distributed */ = {
			isa = PBXGroup;
			children = (
				3142779C15779FE4006A6878 /* communication.cc */,
				3142779D15779FE4006A6878 /* communication.h */,
				3142779E15779FE4006A6878 /* input_buffer.cc */,
				3142779F15779FE4006A6878 /* input_buffer.h */,
				314277A015779FE5006A6878 /* output_buffer.cc */,
				314277A115779FE5006A6878 /* output_buffer.h */,
				314277A215779FE5006A6878 /* packet.cc */,
				314277A315779FE5006A6878 /* packet.h */,
				314277A415779FE5006A6878 /* scheduler.h */,
				312E7F471569260000E2AD66 /* node.cc */,
				31125AD7156E698900481D9B /* scheduler.cc */,
				312E7F481569260000E2AD66 /* node.h */,
			);
			path = distributed;
			sourceTree = "<group>";
		};
		312E7F4E1569260000E2AD66 /* netio */ = {
			isa = PBXGroup;
			children = (
				312E7F4F1569260000E2AD66 /* network_input.cc */,
				312E7F501569260000E2AD66 /* network_input.h */,
				312E7F511569260000E2AD66 /* network_output.cc */,
				312E7F521569260000E2AD66 /* network_output.h */,
			);
			path = netio;
			sourceTree = "<group>";
		};
		312E7F531569260000E2AD66 /* node_environment */ = {
			isa = PBXGroup;
			children = (
				312E7F541569260000E2AD66 /* data_server.cc */,
				312E7F551569260000E2AD66 /* data_server.h */,
				312E7F561569260000E2AD66 /* node_environment.cc */,
				312E7F571569260000E2AD66 /* node_environment.h */,
			);
			path = node_environment;
			sourceTree = "<group>";
		};
		312E7F581569260000E2AD66 /* operators */ = {
			isa = PBXGroup;
			children = (
				312E7F591569260000E2AD66 /* column.h */,
				312E7F5A1569260000E2AD66 /* expression.h */,
				312E7F5B1569260000E2AD66 /* factory.cc */,
				312E7F5C1569260000E2AD66 /* factory.h */,
				312E7F5D1569260000E2AD66 /* filter.h */,
				312E7F5E1569260000E2AD66 /* groupby.cc */,
				312E7F5F1569260000E2AD66 /* keyvalue.h */,
				312E7F601569260000E2AD66 /* node.cc */,
				312E7F611569260000E2AD66 /* node.h */,
				312E7F621569260000E2AD66 /* operation.cc */,
				312E7F631569260000E2AD66 /* operation.h */,
			);
			path = operators;
			sourceTree = "<group>";
		};
		312E7F641569260000E2AD66 /* proto */ = {
			isa = PBXGroup;
			children = (
				312E7F651569260000E2AD66 /* operations.proto */,
			);
			path = proto;
			sourceTree = "<group>";
		};
		312E7F681569260000E2AD66 /* server */ = {
			isa = PBXGroup;
			children = (
				312E7F691569260000E2AD66 /* server.cc */,
				312E7F6A1569260000E2AD66 /* server.h */,
				312E7F6B1569260000E2AD66 /* server_real.cc */,
			);
			path = server;
			sourceTree = "<group>";
		};
		312E7F6C1569260000E2AD66 /* utils */ = {
			isa = PBXGroup;
			children = (
				312E7F6D1569260000E2AD66 /* ip_address.cc */,
				312E7F6E1569260000E2AD66 /* ip_address.h */,
				312E7F6F1569260000E2AD66 /* logger.h */,
				312E7F701569260000E2AD66 /* pcqueue.h */,
			);
			path = utils;
			sourceTree = "<group>";
		};
		31363B831545C3D200CE05DD = {
			isa = PBXGroup;
			children = (
				314277D21577AB34006A6878 /* libboost_program_options.dylib */,
				314277D31577AB34006A6878 /* libboost_system.dylib */,
				314277AF1577A1F9006A6878 /* libboost_system-mt.dylib */,
				314277AB1577A196006A6878 /* libboost_date_time-mt.dylib */,
				314277AC1577A196006A6878 /* libboost_program_options-mt.dylib */,
				314277A91577A15B006A6878 /* libboost_thread-mt.dylib */,
				31363BFF15488A3900CE05DD /* libprotobuf.dylib */,
				312E7F2D1569260000E2AD66 /* src */,
				31363B911545C3E100CE05DD /* Products */,
			);
			sourceTree = "<group>";
		};
		31363B911545C3E100CE05DD /* Products */ = {
			isa = PBXGroup;
			children = (
				312E7F9B1569983600E2AD66 /* scheduler */,
				312E7FAA1569985900E2AD66 /* worker */,
				314277B61577A370006A6878 /* libcodwh-lib.dylib */,
			);
			name = Products;
			sourceTree = "<group>";
		};
/* End PBXGroup section */

/* Begin PBXHeadersBuildPhase section */
		314277B41577A370006A6878 /* Headers */ = {
			isa = PBXHeadersBuildPhase;
			buildActionMask = 2147483647;
			files = (
			);
			runOnlyForDeploymentPostprocessing = 0;
		};
/* End PBXHeadersBuildPhase section */

/* Begin PBXNativeTarget section */
		312E7F9A1569983600E2AD66 /* scheduler */ = {
			isa = PBXNativeTarget;
			buildConfigurationList = 312E7FA21569983600E2AD66 /* Build configuration list for PBXNativeTarget "scheduler" */;
			buildPhases = (
				312E7F971569983600E2AD66 /* Sources */,
				312E7F981569983600E2AD66 /* Frameworks */,
				312E7F991569983600E2AD66 /* CopyFiles */,
			);
			buildRules = (
			);
			dependencies = (
			);
			name = scheduler;
			productName = scheduler;
			productReference = 312E7F9B1569983600E2AD66 /* scheduler */;
			productType = "com.apple.product-type.tool";
		};
		312E7FA91569985900E2AD66 /* worker */ = {
			isa = PBXNativeTarget;
			buildConfigurationList = 312E7FB11569985900E2AD66 /* Build configuration list for PBXNativeTarget "worker" */;
			buildPhases = (
				312E7FA61569985900E2AD66 /* Sources */,
				312E7FA71569985900E2AD66 /* Frameworks */,
				312E7FA81569985900E2AD66 /* CopyFiles */,
			);
			buildRules = (
			);
			dependencies = (
			);
			name = worker;
			productName = worker;
			productReference = 312E7FAA1569985900E2AD66 /* worker */;
			productType = "com.apple.product-type.tool";
		};
		314277B51577A370006A6878 /* codwh-lib */ = {
			isa = PBXNativeTarget;
			buildConfigurationList = 314277B71577A370006A6878 /* Build configuration list for PBXNativeTarget "codwh-lib" */;
			buildPhases = (
				314277B21577A370006A6878 /* Sources */,
				314277B31577A370006A6878 /* Frameworks */,
				314277B41577A370006A6878 /* Headers */,
			);
			buildRules = (
			);
			dependencies = (
			);
			name = "codwh-lib";
			productName = "codwh-lib";
			productReference = 314277B61577A370006A6878 /* libcodwh-lib.dylib */;
			productType = "com.apple.product-type.library.dynamic";
		};
/* End PBXNativeTarget section */

/* Begin PBXProject section */
		31363B851545C3D200CE05DD /* Project object */ = {
			isa = PBXProject;
			attributes = {
				LastUpgradeCheck = 0430;
			};
			buildConfigurationList = 31363B881545C3D200CE05DD /* Build configuration list for PBXProject "codwh-xcode" */;
			compatibilityVersion = "Xcode 3.2";
			developmentRegion = English;
			hasScannedForEncodings = 0;
			knownRegions = (
				en,
			);
			mainGroup = 31363B831545C3D200CE05DD;
			productRefGroup = 31363B911545C3E100CE05DD /* Products */;
			projectDirPath = "";
			projectRoot = "";
			targets = (
				314277B51577A370006A6878 /* codwh-lib */,
				312E7F9A1569983600E2AD66 /* scheduler */,
				312E7FA91569985900E2AD66 /* worker */,
			);
		};
/* End PBXProject section */

/* Begin PBXSourcesBuildPhase section */
		312E7F971569983600E2AD66 /* Sources */ = {
			isa = PBXSourcesBuildPhase;
			buildActionMask = 2147483647;
			files = (
				312E7FA51569985000E2AD66 /* scheduler.cc in Sources */,
			);
			runOnlyForDeploymentPostprocessing = 0;
		};
		312E7FA61569985900E2AD66 /* Sources */ = {
			isa = PBXSourcesBuildPhase;
			buildActionMask = 2147483647;
			files = (
				314277DA1577ACB9006A6878 /* worker.cc in Sources */,
			);
			runOnlyForDeploymentPostprocessing = 0;
		};
		314277B21577A370006A6878 /* Sources */ = {
			isa = PBXSourcesBuildPhase;
			buildActionMask = 2147483647;
			files = (
				314277D71577AC0A006A6878 /* operations.pb.cc in Sources */,
				314277C61577A466006A6878 /* network_input.cc in Sources */,
				314277C71577A466006A6878 /* network_output.cc in Sources */,
				314277C81577A466006A6878 /* data_server.cc in Sources */,
				314277C91577A466006A6878 /* node_environment.cc in Sources */,
				314277CA1577A466006A6878 /* factory.cc in Sources */,
				314277CB1577A466006A6878 /* groupby.cc in Sources */,
				314277CC1577A466006A6878 /* node.cc in Sources */,
				314277CD1577A466006A6878 /* operation.cc in Sources */,
				314277CE1577A466006A6878 /* ip_address.cc in Sources */,
				314277BA1577A42C006A6878 /* communication.cc in Sources */,
				314277BC1577A42C006A6878 /* input_buffer.cc in Sources */,
				314277BE1577A42C006A6878 /* output_buffer.cc in Sources */,
				314277C01577A42C006A6878 /* packet.cc in Sources */,
				314277C31577A42C006A6878 /* node.cc in Sources */,
				314277C41577A42C006A6878 /* scheduler.cc in Sources */,
			);
			runOnlyForDeploymentPostprocessing = 0;
		};
/* End PBXSourcesBuildPhase section */

/* Begin XCBuildConfiguration section */
		312E7FA31569983600E2AD66 /* Debug */ = {
			isa = XCBuildConfiguration;
			buildSettings = {
				ALWAYS_SEARCH_USER_PATHS = NO;
				ARCHS = "$(ARCHS_STANDARD_64_BIT)";
				CLANG_ENABLE_OBJC_ARC = YES;
				COPY_PHASE_STRIP = NO;
				GCC_C_LANGUAGE_STANDARD = gnu99;
				GCC_DYNAMIC_NO_PIC = NO;
				GCC_ENABLE_OBJC_EXCEPTIONS = YES;
				GCC_OPTIMIZATION_LEVEL = 0;
				GCC_PREPROCESSOR_DEFINITIONS = (
					"DEBUG=1",
					"$(inherited)",
				);
				GCC_SYMBOLS_PRIVATE_EXTERN = NO;
				GCC_VERSION = com.apple.compilers.llvm.clang.1_0;
				GCC_WARN_64_TO_32_BIT_CONVERSION = YES;
				GCC_WARN_ABOUT_RETURN_TYPE = YES;
				GCC_WARN_UNINITIALIZED_AUTOS = YES;
				GCC_WARN_UNUSED_VARIABLE = YES;
				MACOSX_DEPLOYMENT_TARGET = 10.7;
				ONLY_ACTIVE_ARCH = YES;
				PRODUCT_NAME = "$(TARGET_NAME)";
				SDKROOT = macosx;
			};
			name = Debug;
		};
		312E7FA41569983600E2AD66 /* Release */ = {
			isa = XCBuildConfiguration;
			buildSettings = {
				ALWAYS_SEARCH_USER_PATHS = NO;
				ARCHS = "$(ARCHS_STANDARD_64_BIT)";
				CLANG_ENABLE_OBJC_ARC = YES;
				COPY_PHASE_STRIP = YES;
				DEBUG_INFORMATION_FORMAT = "dwarf-with-dsym";
				GCC_C_LANGUAGE_STANDARD = gnu99;
				GCC_ENABLE_OBJC_EXCEPTIONS = YES;
				GCC_VERSION = com.apple.compilers.llvm.clang.1_0;
				GCC_WARN_64_TO_32_BIT_CONVERSION = YES;
				GCC_WARN_ABOUT_RETURN_TYPE = YES;
				GCC_WARN_UNINITIALIZED_AUTOS = YES;
				GCC_WARN_UNUSED_VARIABLE = YES;
				MACOSX_DEPLOYMENT_TARGET = 10.7;
				PRODUCT_NAME = "$(TARGET_NAME)";
				SDKROOT = macosx;
			};
			name = Release;
		};
		312E7FB21569985900E2AD66 /* Debug */ = {
			isa = XCBuildConfiguration;
			buildSettings = {
				ALWAYS_SEARCH_USER_PATHS = NO;
				ARCHS = "$(ARCHS_STANDARD_64_BIT)";
				CLANG_ENABLE_OBJC_ARC = YES;
				COPY_PHASE_STRIP = NO;
				GCC_C_LANGUAGE_STANDARD = gnu99;
				GCC_DYNAMIC_NO_PIC = NO;
				GCC_ENABLE_OBJC_EXCEPTIONS = YES;
				GCC_OPTIMIZATION_LEVEL = 0;
				GCC_PREPROCESSOR_DEFINITIONS = (
					"DEBUG=1",
					"$(inherited)",
				);
				GCC_SYMBOLS_PRIVATE_EXTERN = NO;
				GCC_VERSION = com.apple.compilers.llvm.clang.1_0;
				GCC_WARN_64_TO_32_BIT_CONVERSION = YES;
				GCC_WARN_ABOUT_RETURN_TYPE = YES;
				GCC_WARN_UNINITIALIZED_AUTOS = YES;
				GCC_WARN_UNUSED_VARIABLE = YES;
				MACOSX_DEPLOYMENT_TARGET = 10.7;
				ONLY_ACTIVE_ARCH = YES;
				PRODUCT_NAME = "$(TARGET_NAME)";
				SDKROOT = macosx;
			};
			name = Debug;
		};
		312E7FB31569985900E2AD66 /* Release */ = {
			isa = XCBuildConfiguration;
			buildSettings = {
				ALWAYS_SEARCH_USER_PATHS = NO;
				ARCHS = "$(ARCHS_STANDARD_64_BIT)";
				CLANG_ENABLE_OBJC_ARC = YES;
				COPY_PHASE_STRIP = YES;
				DEBUG_INFORMATION_FORMAT = "dwarf-with-dsym";
				GCC_C_LANGUAGE_STANDARD = gnu99;
				GCC_ENABLE_OBJC_EXCEPTIONS = YES;
				GCC_VERSION = com.apple.compilers.llvm.clang.1_0;
				GCC_WARN_64_TO_32_BIT_CONVERSION = YES;
				GCC_WARN_ABOUT_RETURN_TYPE = YES;
				GCC_WARN_UNINITIALIZED_AUTOS = YES;
				GCC_WARN_UNUSED_VARIABLE = YES;
				MACOSX_DEPLOYMENT_TARGET = 10.7;
				PRODUCT_NAME = "$(TARGET_NAME)";
				SDKROOT = macosx;
			};
			name = Release;
		};
		31363B8A1545C3D200CE05DD /* Debug */ = {
			isa = XCBuildConfiguration;
			buildSettings = {
				HEADER_SEARCH_PATHS = (
					/opt/local/include,
					"$(SRCROOT)/../src",
					"$(SRCROOT)/../src/build/",
					"$(SRCROOT)/../server/",
				);
			};
			name = Debug;
		};
		31363B8B1545C3D200CE05DD /* Release */ = {
			isa = XCBuildConfiguration;
			buildSettings = {
				HEADER_SEARCH_PATHS = (
					/opt/local/include,
					"$(SRCROOT)/../src",
					"$(SRCROOT)/../src/build/",
					"$(SRCROOT)/../server/",
				);
			};
			name = Release;
		};
		314277B81577A370006A6878 /* Debug */ = {
			isa = XCBuildConfiguration;
			buildSettings = {
				ALWAYS_SEARCH_USER_PATHS = NO;
				ARCHS = "$(ARCHS_STANDARD_64_BIT)";
				CLANG_ENABLE_OBJC_ARC = YES;
				COPY_PHASE_STRIP = NO;
				EXECUTABLE_PREFIX = lib;
				GCC_C_LANGUAGE_STANDARD = gnu99;
				GCC_DYNAMIC_NO_PIC = NO;
				GCC_ENABLE_OBJC_EXCEPTIONS = YES;
				GCC_OPTIMIZATION_LEVEL = 0;
				GCC_PREPROCESSOR_DEFINITIONS = (
					"DEBUG=1",
					"$(inherited)",
				);
				GCC_SYMBOLS_PRIVATE_EXTERN = NO;
				GCC_VERSION = com.apple.compilers.llvm.clang.1_0;
				GCC_WARN_64_TO_32_BIT_CONVERSION = YES;
				GCC_WARN_ABOUT_RETURN_TYPE = YES;
				GCC_WARN_UNINITIALIZED_AUTOS = YES;
				GCC_WARN_UNUSED_VARIABLE = YES;
				HEADER_SEARCH_PATHS = (
					/opt/local/include,
					"$(SRCROOT)/../src",
					"$(SRCROOT)/../src/build/",
					"$(SRCROOT)/../server/",
				);
				LIBRARY_SEARCH_PATHS = (
					"$(inherited)",
					/opt/local/lib,
				);
				MACOSX_DEPLOYMENT_TARGET = 10.7;
				ONLY_ACTIVE_ARCH = YES;
				PRODUCT_NAME = "$(TARGET_NAME)";
				SDKROOT = macosx;
			};
			name = Debug;
		};
		314277B91577A370006A6878 /* Release */ = {
			isa = XCBuildConfiguration;
			buildSettings = {
				ALWAYS_SEARCH_USER_PATHS = NO;
				ARCHS = "$(ARCHS_STANDARD_64_BIT)";
				CLANG_ENABLE_OBJC_ARC = YES;
				COPY_PHASE_STRIP = YES;
				DEBUG_INFORMATION_FORMAT = "dwarf-with-dsym";
				EXECUTABLE_PREFIX = lib;
				GCC_C_LANGUAGE_STANDARD = gnu99;
				GCC_ENABLE_OBJC_EXCEPTIONS = YES;
				GCC_VERSION = com.apple.compilers.llvm.clang.1_0;
				GCC_WARN_64_TO_32_BIT_CONVERSION = YES;
				GCC_WARN_ABOUT_RETURN_TYPE = YES;
				GCC_WARN_UNINITIALIZED_AUTOS = YES;
				GCC_WARN_UNUSED_VARIABLE = YES;
				HEADER_SEARCH_PATHS = (
					/opt/local/include,
					"$(SRCROOT)/../src",
					"$(SRCROOT)/../src/build/",
					"$(SRCROOT)/../server/",
				);
				LIBRARY_SEARCH_PATHS = (
					"$(inherited)",
					/opt/local/lib,
				);
				MACOSX_DEPLOYMENT_TARGET = 10.7;
				PRODUCT_NAME = "$(TARGET_NAME)";
				SDKROOT = macosx;
			};
			name = Release;
		};
/* End XCBuildConfiguration section */

/* Begin XCConfigurationList section */
		312E7FA21569983600E2AD66 /* Build configuration list for PBXNativeTarget "scheduler" */ = {
			isa = XCConfigurationList;
			buildConfigurations = (
				312E7FA31569983600E2AD66 /* Debug */,
				312E7FA41569983600E2AD66 /* Release */,
			);
			defaultConfigurationIsVisible = 0;
			defaultConfigurationName = Release;
		};
		312E7FB11569985900E2AD66 /* Build configuration list for PBXNativeTarget "worker" */ = {
			isa = XCConfigurationList;
			buildConfigurations = (
				312E7FB21569985900E2AD66 /* Debug */,
				312E7FB31569985900E2AD66 /* Release */,
			);
			defaultConfigurationIsVisible = 0;
			defaultConfigurationName = Release;
		};
		31363B881545C3D200CE05DD /* Build configuration list for PBXProject "codwh-xcode" */ = {
			isa = XCConfigurationList;
			buildConfigurations = (
				31363B8A1545C3D200CE05DD /* Debug */,
				31363B8B1545C3D200CE05DD /* Release */,
			);
			defaultConfigurationIsVisible = 0;
			defaultConfigurationName = Release;
		};
		314277B71577A370006A6878 /* Build configuration list for PBXNativeTarget "codwh-lib" */ = {
			isa = XCConfigurationList;
			buildConfigurations = (
				314277B81577A370006A6878 /* Debug */,
				314277B91577A370006A6878 /* Release */,
			);
			defaultConfigurationIsVisible = 0;
		};
/* End XCConfigurationList section */
	};
	rootObject = 31363B851545C3D200CE05DD /* Project object */;
}
